
Microsoft Visual Studio Solution File, Format Version 12.00
# Visual Studio Version 17
VisualStudioVersion = 17.1.32210.238
MinimumVisualStudioVersion = 10.0.40219.1
Project("{FAE04EC0-301F-11D3-BF4B-00C04F79EFBC}") = "工程文件版本转换工具", "工程文件版本转换工具\工程文件版本转换工具.csproj", "{C880F8A1-4009-4166-9F49-4EB8D723897F}"
EndProject
Global
	GlobalSection(SolutionConfigurationPlatforms) = preSolution
		Debug|Any CPU = Debug|Any CPU
		Release|Any CPU = Release|Any CPU
	EndGlobalSection
	GlobalSection(ProjectConfigurationPlatforms) = postSolution
		{C880F8A1-4009-4166-9F49-4EB8D723897F}.Debug|Any CPU.ActiveCfg = Debug|Any CPU
		{C880F8A1-4009-4166-9F49-4EB8D723897F}.Debug|Any CPU.Build.0 = Debug|Any CPU
		{C880F8A1-4009-4166-9F49-4EB8D723897F}.Release|Any CPU.ActiveCfg = Release|Any CPU
		{C880F8A1-4009-4166-9F49-4EB8D723897F}.Release|Any CPU.Build.0 = Release|Any CPU
	EndGlobalSection
	GlobalSection(SolutionProperties) = preSolution
		HideSolutionNode = FALSE
	EndGlobalSection
	GlobalSection(ExtensibilityGlobals) = postSolution
		SolutionGuid = {70BB4800-0171-4704-A67D-CCDF9B53BB3E}
	EndGlobalSection
EndGlobal
